// !$*UTF8*$!
{
	archiveVersion = 1;
	classes = {
	};
	objectVersion = 46;
	objects = {

/* Begin PBXBuildFile section */
		18FBAFAA1A6EA9CC00DA2732 /* main.m in Sources */ = {isa = PBXBuildFile; fileRef = 18FBAFA91A6EA9CC00DA2732 /* main.m */; };
		18FBAFAD1A6EA9CC00DA2732 /* AppDelegate.m in Sources */ = {isa = PBXBuildFile; fileRef = 18FBAFAC1A6EA9CC00DA2732 /* AppDelegate.m */; };
		18FBAFB01A6EA9CC00DA2732 /* ViewController.m in Sources */ = {isa = PBXBuildFile; fileRef = 18FBAFAF1A6EA9CC00DA2732 /* ViewController.m */; };
		18FBAFB31A6EA9CC00DA2732 /* Main.storyboard in Resources */ = {isa = PBXBuildFile; fileRef = 18FBAFB11A6EA9CC00DA2732 /* Main.storyboard */; };
		18FBAFB51A6EA9CC00DA2732 /* Images.xcassets in Resources */ = {isa = PBXBuildFile; fileRef = 18FBAFB41A6EA9CC00DA2732 /* Images.xcassets */; };
		18FBAFB81A6EA9CC00DA2732 /* LaunchScreen.xib in Resources */ = {isa = PBXBuildFile; fileRef = 18FBAFB61A6EA9CC00DA2732 /* LaunchScreen.xib */; };
		18FBAFC41A6EA9CC00DA2732 /* MCMSTests.m in Sources */ = {isa = PBXBuildFile; fileRef = 18FBAFC31A6EA9CC00DA2732 /* MCMSTests.m */; };
/* End PBXBuildFile section */

/* Begin PBXContainerItemProxy section */
		18FBAFBE1A6EA9CC00DA2732 /* PBXContainerItemProxy */ = {
			isa = PBXContainerItemProxy;
			containerPortal = 18FBAF9C1A6EA9CB00DA2732 /* Project object */;
			proxyType = 1;
			remoteGlobalIDString = 18FBAFA31A6EA9CB00DA2732;
			remoteInfo = MCMS;
		};
/* End PBXContainerItemProxy section */

/* Begin PBXFileReference section */
		18FBAFA41A6EA9CB00DA2732 /* MCMS.app */ = {isa = PBXFileReference; explicitFileType = wrapper.application; includeInIndex = 0; path = MCMS.app; sourceTree = BUILT_PRODUCTS_DIR; };
		18FBAFA81A6EA9CC00DA2732 /* Info.plist */ = {isa = PBXFileReference; lastKnownFileType = text.plist.xml; path = Info.plist; sourceTree = "<group>"; };
		18FBAFA91A6EA9CC00DA2732 /* main.m */ = {isa = PBXFileReference; lastKnownFileType = sourcecode.c.objc; path = main.m; sourceTree = "<group>"; };
		18FBAFAB1A6EA9CC00DA2732 /* AppDelegate.h */ = {isa = PBXFileReference; lastKnownFileType = sourcecode.c.h; path = AppDelegate.h; sourceTree = "<group>"; };
		18FBAFAC1A6EA9CC00DA2732 /* AppDelegate.m */ = {isa = PBXFileReference; lastKnownFileType = sourcecode.c.objc; path = AppDelegate.m; sourceTree = "<group>"; };
		18FBAFAE1A6EA9CC00DA2732 /* ViewController.h */ = {isa = PBXFileReference; lastKnownFileType = sourcecode.c.h; path = ViewController.h; sourceTree = "<group>"; };
		18FBAFAF1A6EA9CC00DA2732 /* ViewController.m */ = {isa = PBXFileReference; lastKnownFileType = sourcecode.c.objc; path = ViewController.m; sourceTree = "<group>"; };
		18FBAFB21A6EA9CC00DA2732 /* Base */ = {isa = PBXFileReference; lastKnownFileType = file.storyboard; name = Base; path = Base.lproj/Main.storyboard; sourceTree = "<group>"; };
		18FBAFB41A6EA9CC00DA2732 /* Images.xcassets */ = {isa = PBXFileReference; lastKnownFileType = folder.assetcatalog; path = Images.xcassets; sourceTree = "<group>"; };
		18FBAFB71A6EA9CC00DA2732 /* Base */ = {isa = PBXFileReference; lastKnownFileType = file.xib; name = Base; path = Base.lproj/LaunchScreen.xib; sourceTree = "<group>"; };
		18FBAFBD1A6EA9CC00DA2732 /* MCMSTests.xctest */ = {isa = PBXFileReference; explicitFileType = wrapper.cfbundle; includeInIndex = 0; path = MCMSTests.xctest; sourceTree = BUILT_PRODUCTS_DIR; };
		18FBAFC21A6EA9CC00DA2732 /* Info.plist */ = {isa = PBXFileReference; lastKnownFileType = text.plist.xml; path = Info.plist; sourceTree = "<group>"; };
		18FBAFC31A6EA9CC00DA2732 /* MCMSTests.m */ = {isa = PBXFileReference; lastKnownFileType = sourcecode.c.objc; path = MCMSTests.m; sourceTree = "<group>"; };
/* End PBXFileReference section */

/* Begin PBXFrameworksBuildPhase section */
		18FBAFA11A6EA9CB00DA2732 /* Frameworks */ = {
			isa = PBXFrameworksBuildPhase;
			buildActionMask = 2147483647;
			files = (
			);
			runOnlyForDeploymentPostprocessing = 0;
		};
		18FBAFBA1A6EA9CC00DA2732 /* Frameworks */ = {
			isa = PBXFrameworksBuildPhase;
			buildActionMask = 2147483647;
			files = (
			);
			runOnlyForDeploymentPostprocessing = 0;
		};
/* End PBXFrameworksBuildPhase section */

/* Begin PBXGroup section */
		18FBAF9B1A6EA9CB00DA2732 = {
			isa = PBXGroup;
			children = (
				18FBAFA61A6EA9CB00DA2732 /* MCMS */,
				18FBAFC01A6EA9CC00DA2732 /* MCMSTests */,
				18FBAFA51A6EA9CB00DA2732 /* Products */,
			);
			sourceTree = "<group>";
		};
		18FBAFA51A6EA9CB00DA2732 /* Products */ = {
			isa = PBXGroup;
			children = (
				18FBAFA41A6EA9CB00DA2732 /* MCMS.app */,
				18FBAFBD1A6EA9CC00DA2732 /* MCMSTests.xctest */,
			);
			name = Products;
			sourceTree = "<group>";
		};
		18FBAFA61A6EA9CB00DA2732 /* MCMS */ = {
			isa = PBXGroup;
			children = (
				18FBAFAB1A6EA9CC00DA2732 /* AppDelegate.h */,
				18FBAFAC1A6EA9CC00DA2732 /* AppDelegate.m */,
				18FBAFAE1A6EA9CC00DA2732 /* ViewController.h */,
				18FBAFAF1A6EA9CC00DA2732 /* ViewController.m */,
				18FBAFB11A6EA9CC00DA2732 /* Main.storyboard */,
				18FBAFB41A6EA9CC00DA2732 /* Images.xcassets */,
				18FBAFB61A6EA9CC00DA2732 /* LaunchScreen.xib */,
				18FBAFA71A6EA9CC00DA2732 /* Supporting Files */,
			);
			path = MCMS;
			sourceTree = "<group>";
		};
		18FBAFA71A6EA9CC00DA2732 /* Supporting Files */ = {
			isa = PBXGroup;
			children = (
				18FBAFA81A6EA9CC00DA2732 /* Info.plist */,
				18FBAFA91A6EA9CC00DA2732 /* main.m */,
			);
			name = "Supporting Files";
			sourceTree = "<group>";
		};
		18FBAFC01A6EA9CC00DA2732 /* MCMSTests */ = {
			isa = PBXGroup;
			children = (
				18FBAFC31A6EA9CC00DA2732 /* MCMSTests.m */,
				18FBAFC11A6EA9CC00DA2732 /* Supporting Files */,
			);
			path = MCMSTests;
			sourceTree = "<group>";
		};
		18FBAFC11A6EA9CC00DA2732 /* Supporting Files */ = {
			isa = PBXGroup;
			children = (
				18FBAFC21A6EA9CC00DA2732 /* Info.plist */,
			);
			name = "Supporting Files";
			sourceTree = "<group>";
		};
/* End PBXGroup section */

/* Begin PBXNativeTarget section */
		18FBAFA31A6EA9CB00DA2732 /* MCMS */ = {
			isa = PBXNativeTarget;
			buildConfigurationList = 18FBAFC71A6EA9CC00DA2732 /* Build configuration list for PBXNativeTarget "MCMS" */;
			buildPhases = (
				18FBAFA01A6EA9CB00DA2732 /* Sources */,
				18FBAFA11A6EA9CB00DA2732 /* Frameworks */,
				18FBAFA21A6EA9CB00DA2732 /* Resources */,
			);
			buildRules = (
			);
			dependencies = (
			);
			name = MCMS;
			productName = MCMS;
			productReference = 18FBAFA41A6EA9CB00DA2732 /* MCMS.app */;
			productType = "com.apple.product-type.application";
		};
		18FBAFBC1A6EA9CC00DA2732 /* MCMSTests */ = {
			isa = PBXNativeTarget;
			buildConfigurationList = 18FBAFCA1A6EA9CC00DA2732 /* Build configuration list for PBXNativeTarget "MCMSTests" */;
			buildPhases = (
				18FBAFB91A6EA9CC00DA2732 /* Sources */,
				18FBAFBA1A6EA9CC00DA2732 /* Frameworks */,
				18FBAFBB1A6EA9CC00DA2732 /* Resources */,
			);
			buildRules = (
			);
			dependencies = (
				18FBAFBF1A6EA9CC00DA2732 /* PBXTargetDependency */,
			);
			name = MCMSTests;
			productName = MCMSTests;
			productReference = 18FBAFBD1A6EA9CC00DA2732 /* MCMSTests.xctest */;
			productType = "com.apple.product-type.bundle.unit-test";
		};
/* End PBXNativeTarget section */

/* Begin PBXProject section */
		18FBAF9C1A6EA9CB00DA2732 /* Project object */ = {
			isa = PBXProject;
			attributes = {
				LastUpgradeCheck = 0610;
				ORGANIZATIONNAME = "Sherrie Jones";
				TargetAttributes = {
					18FBAFA31A6EA9CB00DA2732 = {
						CreatedOnToolsVersion = 6.1.1;
					};
					18FBAFBC1A6EA9CC00DA2732 = {
						CreatedOnToolsVersion = 6.1.1;
						TestTargetID = 18FBAFA31A6EA9CB00DA2732;
					};
				};
			};
			buildConfigurationList = 18FBAF9F1A6EA9CB00DA2732 /* Build configuration list for PBXProject "MCMS" */;
			compatibilityVersion = "Xcode 3.2";
			developmentRegion = English;
			hasScannedForEncodings = 0;
			knownRegions = (
				en,
				Base,
			);
			mainGroup = 18FBAF9B1A6EA9CB00DA2732;
			productRefGroup = 18FBAFA51A6EA9CB00DA2732 /* Products */;
			projectDirPath = "";
			projectRoot = "";
			targets = (
				18FBAFA31A6EA9CB00DA2732 /* MCMS */,
				18FBAFBC1A6EA9CC00DA2732 /* MCMSTests */,
			);
		};
/* End PBXProject section */

/* Begin PBXResourcesBuildPhase section */
		18FBAFA21A6EA9CB00DA2732 /* Resources */ = {
			isa = PBXResourcesBuildPhase;
			buildActionMask = 2147483647;
			files = (
				18FBAFB31A6EA9CC00DA2732 /* Main.storyboard in Resources */,
				18FBAFB81A6EA9CC00DA2732 /* LaunchScreen.xib in Resources */,
				18FBAFB51A6EA9CC00DA2732 /* Images.xcassets in Resources */,
			);
			runOnlyForDeploymentPostprocessing = 0;
		};
		18FBAFBB1A6EA9CC00DA2732 /* Resources */ = {
			isa = PBXResourcesBuildPhase;
			buildActionMask = 2147483647;
			files = (
			);
			runOnlyForDeploymentPostprocessing = 0;
		};
/* End PBXResourcesBuildPhase section */

/* Begin PBXSourcesBuildPhase section */
		18FBAFA01A6EA9CB00DA2732 /* Sources */ = {
			isa = PBXSourcesBuildPhase;
			buildActionMask = 2147483647;
			files = (
				18FBAFB01A6EA9CC00DA2732 /* ViewController.m in Sources */,
				18FBAFAD1A6EA9CC00DA2732 /* AppDelegate.m in Sources */,
				18FBAFAA1A6EA9CC00DA2732 /* main.m in Sources */,
			);
			runOnlyForDeploymentPostprocessing = 0;
		};
		18FBAFB91A6EA9CC00DA2732 /* Sources */ = {
			isa = PBXSourcesBuildPhase;
			buildActionMask = 2147483647;
			files = (
				18FBAFC41A6EA9CC00DA2732 /* MCMSTests.m in Sources */,
			);
			runOnlyForDeploymentPostprocessing = 0;
		};
/* End PBXSourcesBuildPhase section */

/* Begin PBXTargetDependency section */
		18FBAFBF1A6EA9CC00DA2732 /* PBXTargetDependency */ = {
			isa = PBXTargetDependency;
			target = 18FBAFA31A6EA9CB00DA2732 /* MCMS */;
			targetProxy = 18FBAFBE1A6EA9CC00DA2732 /* PBXContainerItemProxy */;
		};
/* End PBXTargetDependency section */

/* Begin PBXVariantGroup section */
		18FBAFB11A6EA9CC00DA2732 /* Main.storyboard */ = {
			isa = PBXVariantGroup;
			children = (
				18FBAFB21A6EA9CC00DA2732 /* Base */,
			);
			name = Main.storyboard;
			sourceTree = "<group>";
		};
		18FBAFB61A6EA9CC00DA2732 /* LaunchScreen.xib */ = {
			isa = PBXVariantGroup;
			children = (
				18FBAFB71A6EA9CC00DA2732 /* Base */,
			);
			name = LaunchScreen.xib;
			sourceTree = "<group>";
		};
/* End PBXVariantGroup section */

/* Begin XCBuildConfiguration section */
		18FBAFC51A6EA9CC00DA2732 /* Debug */ = {
			isa = XCBuildConfiguration;
			buildSettings = {
				ALWAYS_SEARCH_USER_PATHS = NO;
				CLANG_CXX_LANGUAGE_STANDARD = "gnu++0x";
				CLANG_CXX_LIBRARY = "libc++";
				CLANG_ENABLE_MODULES = YES;
				CLANG_ENABLE_OBJC_ARC = YES;
				CLANG_WARN_BOOL_CONVERSION = YES;
				CLANG_WARN_CONSTANT_CONVERSION = YES;
				CLANG_WARN_DIRECT_OBJC_ISA_USAGE = YES_ERROR;
				CLANG_WARN_EMPTY_BODY = YES;
				CLANG_WARN_ENUM_CONVERSION = YES;
				CLANG_WARN_INT_CONVERSION = YES;
				CLANG_WARN_OBJC_ROOT_CLASS = YES_ERROR;
				CLANG_WARN_UNREACHABLE_CODE = YES;
				CLANG_WARN__DUPLICATE_METHOD_MATCH = YES;
				"CODE_SIGN_IDENTITY[sdk=iphoneos*]" = "iPhone Developer";
				COPY_PHASE_STRIP = NO;
				ENABLE_STRICT_OBJC_MSGSEND = YES;
				GCC_C_LANGUAGE_STANDARD = gnu99;
				GCC_DYNAMIC_NO_PIC = NO;
				GCC_OPTIMIZATION_LEVEL = 0;
				GCC_PREPROCESSOR_DEFINITIONS = (
					"DEBUG=1",
					"$(inherited)",
				);
				GCC_SYMBOLS_PRIVATE_EXTERN = NO;
				GCC_WARN_64_TO_32_BIT_CONVERSION = YES;
				GCC_WARN_ABOUT_RETURN_TYPE = YES_ERROR;
				GCC_WARN_UNDECLARED_SELECTOR = YES;
				GCC_WARN_UNINITIALIZED_AUTOS = YES_AGGRESSIVE;
				GCC_WARN_UNUSED_FUNCTION = YES;
				GCC_WARN_UNUSED_VARIABLE = YES;
				IPHONEOS_DEPLOYMENT_TARGET = 8.1;
				MTL_ENABLE_DEBUG_INFO = YES;
				ONLY_ACTIVE_ARCH = YES;
				SDKROOT = iphoneos;
			};
			name = Debug;
		};
		18FBAFC61A6EA9CC00DA2732 /* Release */ = {
			isa = XCBuildConfiguration;
			buildSettings = {
				ALWAYS_SEARCH_USER_PATHS = NO;
				CLANG_CXX_LANGUAGE_STANDARD = "gnu++0x";
				CLANG_CXX_LIBRARY = "libc++";
				CLANG_ENABLE_MODULES = YES;
				CLANG_ENABLE_OBJC_ARC = YES;
				CLANG_WARN_BOOL_CONVERSION = YES;
				CLANG_WARN_CONSTANT_CONVERSION = YES;
				CLANG_WARN_DIRECT_OBJC_ISA_USAGE = YES_ERROR;
				CLANG_WARN_EMPTY_BODY = YES;
				CLANG_WARN_ENUM_CONVERSION = YES;
				CLANG_WARN_INT_CONVERSION = YES;
				CLANG_WARN_OBJC_ROOT_CLASS = YES_ERROR;
				CLANG_WARN_UNREACHABLE_CODE = YES;
				CLANG_WARN__DUPLICATE_METHOD_MATCH = YES;
				"CODE_SIGN_IDENTITY[sdk=iphoneos*]" = "iPhone Developer";
				COPY_PHASE_STRIP = YES;
				ENABLE_NS_ASSERTIONS = NO;
				ENABLE_STRICT_OBJC_MSGSEND = YES;
				GCC_C_LANGUAGE_STANDARD = gnu99;
				GCC_WARN_64_TO_32_BIT_CONVERSION = YES;
				GCC_WARN_ABOUT_RETURN_TYPE = YES_ERROR;
				GCC_WARN_UNDECLARED_SELECTOR = YES;
				GCC_WARN_UNINITIALIZED_AUTOS = YES_AGGRESSIVE;
				GCC_WARN_UNUSED_FUNCTION = YES;
				GCC_WARN_UNUSED_VARIABLE = YES;
				IPHONEOS_DEPLOYMENT_TARGET = 8.1;
				MTL_ENABLE_DEBUG_INFO = NO;
				SDKROOT = iphoneos;
				VALIDATE_PRODUCT = YES;
			};
			name = Release;
		};
		18FBAFC81A6EA9CC00DA2732 /* Debug */ = {
			isa = XCBuildConfiguration;
			buildSettings = {
				ASSETCATALOG_COMPILER_APPICON_NAME = AppIcon;
				INFOPLIST_FILE = MCMS/Info.plist;
				LD_RUNPATH_SEARCH_PATHS = "$(inherited) @executable_path/Frameworks";
				PRODUCT_NAME = "$(TARGET_NAME)";
			};
			name = Debug;
		};
		18FBAFC91A6EA9CC00DA2732 /* Release */ = {
			isa = XCBuildConfiguration;
			buildSettings = {
				ASSETCATALOG_COMPILER_APPICON_NAME = AppIcon;
				INFOPLIST_FILE = MCMS/Info.plist;
				LD_RUNPATH_SEARCH_PATHS = "$(inherited) @executable_path/Frameworks";
				PRODUCT_NAME = "$(TARGET_NAME)";
			};
			name = Release;
		};
		18FBAFCB1A6EA9CC00DA2732 /* Debug */ = {
			isa = XCBuildConfiguration;
			buildSettings = {
				BUNDLE_LOADER = "$(TEST_HOST)";
				FRAMEWORK_SEARCH_PATHS = (
					"$(SDKROOT)/Developer/Library/Frameworks",
					"$(inherited)",
				);
				GCC_PREPROCESSOR_DEFINITIONS = (
					"DEBUG=1",
					"$(inherited)",
				);
				INFOPLIST_FILE = MCMSTests/Info.plist;
				LD_RUNPATH_SEARCH_PATHS = "$(inherited) @executable_path/Frameworks @loader_path/Frameworks";
				PRODUCT_NAME = "$(TARGET_NAME)";
				TEST_HOST = "$(BUILT_PRODUCTS_DIR)/MCMS.app/MCMS";
			};
			name = Debug;
		};
		18FBAFCC1A6EA9CC00DA2732 /* Release */ = {
			isa = XCBuildConfiguration;
			buildSettings = {
				BUNDLE_LOADER = "$(TEST_HOST)";
				FRAMEWORK_SEARCH_PATHS = (
					"$(SDKROOT)/Developer/Library/Frameworks",
					"$(inherited)",
				);
				INFOPLIST_FILE = MCMSTests/Info.plist;
				LD_RUNPATH_SEARCH_PATHS = "$(inherited) @executable_path/Frameworks @loader_path/Frameworks";
				PRODUCT_NAME = "$(TARGET_NAME)";
				TEST_HOST = "$(BUILT_PRODUCTS_DIR)/MCMS.app/MCMS";
			};
			name = Release;
		};
/* End XCBuildConfiguration section */

/* Begin XCConfigurationList section */
		18FBAF9F1A6EA9CB00DA2732 /* Build configuration list for PBXProject "MCMS" */ = {
			isa = XCConfigurationList;
			buildConfigurations = (
				18FBAFC51A6EA9CC00DA2732 /* Debug */,
				18FBAFC61A6EA9CC00DA2732 /* Release */,
			);
			defaultConfigurationIsVisible = 0;
			defaultConfigurationName = Release;
		};
		18FBAFC71A6EA9CC00DA2732 /* Build configuration list for PBXNativeTarget "MCMS" */ = {
			isa = XCConfigurationList;
			buildConfigurations = (
				18FBAFC81A6EA9CC00DA2732 /* Debug */,
				18FBAFC91A6EA9CC00DA2732 /* Release */,
			);
			defaultConfigurationIsVisible = 0;
		};
		18FBAFCA1A6EA9CC00DA2732 /* Build configuration list for PBXNativeTarget "MCMSTests" */ = {
			isa = XCConfigurationList;
			buildConfigurations = (
				18FBAFCB1A6EA9CC00DA2732 /* Debug */,
				18FBAFCC1A6EA9CC00DA2732 /* Release */,
			);
			defaultConfigurationIsVisible = 0;
		};
/* End XCConfigurationList section */
	};
	rootObject = 18FBAF9C1A6EA9CB00DA2732 /* Project object */;
}
